
Microsoft Visual Studio Solution File, Format Version 12.00
# Visual Studio Version 17
VisualStudioVersion = 17.5.33414.496
MinimumVisualStudioVersion = 10.0.40219.1
Project("{FAE04EC0-301F-11D3-BF4B-00C04F79EFBC}") = "IQ-switch-Backend", "IQ-switch-Backend\IQ-switch-Backend.csproj", "{5E47093B-4E35-4679-ADA7-1CF0BC93F7D6}"
EndProject
Global
	GlobalSection(SolutionConfigurationPlatforms) = preSolution
		Debug|Any CPU = Debug|Any CPU
		Debug|ARM32 = Debug|ARM32
		Release|Any CPU = Release|Any CPU
		Release|ARM32 = Release|ARM32
	EndGlobalSection
	GlobalSection(ProjectConfigurationPlatforms) = postSolution
		{5E47093B-4E35-4679-ADA7-1CF0BC93F7D6}.Debug|Any CPU.ActiveCfg = Debug|Any CPU
		{5E47093B-4E35-4679-ADA7-1CF0BC93F7D6}.Debug|Any CPU.Build.0 = Debug|Any CPU
		{5E47093B-4E35-4679-ADA7-1CF0BC93F7D6}.Debug|ARM32.ActiveCfg = Debug|ARM32
		{5E47093B-4E35-4679-ADA7-1CF0BC93F7D6}.Debug|ARM32.Build.0 = Debug|ARM32
		{5E47093B-4E35-4679-ADA7-1CF0BC93F7D6}.Release|Any CPU.ActiveCfg = Release|Any CPU
		{5E47093B-4E35-4679-ADA7-1CF0BC93F7D6}.Release|Any CPU.Build.0 = Release|Any CPU
		{5E47093B-4E35-4679-ADA7-1CF0BC93F7D6}.Release|ARM32.ActiveCfg = Release|ARM32
		{5E47093B-4E35-4679-ADA7-1CF0BC93F7D6}.Release|ARM32.Build.0 = Release|ARM32
	EndGlobalSection
	GlobalSection(SolutionProperties) = preSolution
		HideSolutionNode = FALSE
	EndGlobalSection
	GlobalSection(ExtensibilityGlobals) = postSolution
		SolutionGuid = {539BE841-B610-4284-A6EF-7690A8214800}
	EndGlobalSection
EndGlobal
